
Microsoft Visual Studio Solution File, Format Version 12.00
# Visual Studio Version 16
VisualStudioVersion = 16.0.31424.327
MinimumVisualStudioVersion = 10.0.40219.1
Project("{FAE04EC0-301F-11D3-BF4B-00C04F79EFBC}") = "Challenge1_ConsoleUI", "Challenge1_ConsoleUI\Challenge1_ConsoleUI.csproj", "{54EC0486-E364-465C-A2F9-440AC4816163}"
EndProject
Project("{2150E333-8FDC-42A3-9474-1A3956D46DE8}") = "Challenge1_Bakery", "Challenge1_Bakery", "{284C0E2E-5A70-40B3-851C-A17AF41641CF}"
	ProjectSection(SolutionItems) = preProject
		README.MD = README.MD
	EndProjectSection
EndProject
Project("{FAE04EC0-301F-11D3-BF4B-00C04F79EFBC}") = "Challenge1_Repository", "Challenge1_Repository\Challenge1_Repository.csproj", "{6F9CA0B0-455E-486E-AE6D-E4EE54D42C32}"
EndProject
Project("{FAE04EC0-301F-11D3-BF4B-00C04F79EFBC}") = "Challenge1_UnitTests", "Challenge1_UnitTests\Challenge1_UnitTests.csproj", "{00E33D53-D432-4B5C-B6EB-96F24B5E689E}"
EndProject
Project("{2150E333-8FDC-42A3-9474-1A3956D46DE8}") = "Challenge3_Badges", "Challenge3_Badges", "{5FA8A706-2C2D-41FC-8CCB-2540A34795E3}"
EndProject
Project("{FAE04EC0-301F-11D3-BF4B-00C04F79EFBC}") = "Challenge3_ConsoleUI", "Challenge3_ConsoleUI\Challenge3_ConsoleUI.csproj", "{32AC0A8E-D155-4906-AAE8-142B855249EB}"
EndProject
Project("{FAE04EC0-301F-11D3-BF4B-00C04F79EFBC}") = "Challenge3_Repository", "Challenge3_Repository\Challenge3_Repository.csproj", "{D77BEE60-4E47-45C9-A214-4D26D0816FEB}"
EndProject
Project("{FAE04EC0-301F-11D3-BF4B-00C04F79EFBC}") = "Challenge3_UnitTests", "Challenge3_UnitTests\Challenge3_UnitTests.csproj", "{61202AAD-95CA-4D61-A06E-1D3ACBF86FEA}"
EndProject
Project("{2150E333-8FDC-42A3-9474-1A3956D46DE8}") = "Challenge4_Outings", "Challenge4_Outings", "{46B15B26-791F-4FD4-A985-140CFC39B91C}"
EndProject
Project("{FAE04EC0-301F-11D3-BF4B-00C04F79EFBC}") = "Challenge4_ConsoleUI", "Challenge4_ConsoleUI\Challenge4_ConsoleUI.csproj", "{C2EE5ED8-6D46-45BF-938D-AD845BC6B8DC}"
EndProject
Project("{FAE04EC0-301F-11D3-BF4B-00C04F79EFBC}") = "Challenge4_Repository", "Challenge4_Repository\Challenge4_Repository.csproj", "{B07B8E48-1108-4B12-B27D-9532F6279528}"
EndProject
Project("{FAE04EC0-301F-11D3-BF4B-00C04F79EFBC}") = "Challenge4_UnitTests", "Challenge4_UnitTests\Challenge4_UnitTests.csproj", "{05C12B0C-9D92-42C7-AFB6-B3225AE8C7FC}"
EndProject
Global
	GlobalSection(SolutionConfigurationPlatforms) = preSolution
		Debug|Any CPU = Debug|Any CPU
		Release|Any CPU = Release|Any CPU
	EndGlobalSection
	GlobalSection(ProjectConfigurationPlatforms) = postSolution
		{54EC0486-E364-465C-A2F9-440AC4816163}.Debug|Any CPU.ActiveCfg = Debug|Any CPU
		{54EC0486-E364-465C-A2F9-440AC4816163}.Debug|Any CPU.Build.0 = Debug|Any CPU
		{54EC0486-E364-465C-A2F9-440AC4816163}.Release|Any CPU.ActiveCfg = Release|Any CPU
		{54EC0486-E364-465C-A2F9-440AC4816163}.Release|Any CPU.Build.0 = Release|Any CPU
		{6F9CA0B0-455E-486E-AE6D-E4EE54D42C32}.Debug|Any CPU.ActiveCfg = Debug|Any CPU
		{6F9CA0B0-455E-486E-AE6D-E4EE54D42C32}.Debug|Any CPU.Build.0 = Debug|Any CPU
		{6F9CA0B0-455E-486E-AE6D-E4EE54D42C32}.Release|Any CPU.ActiveCfg = Release|Any CPU
		{6F9CA0B0-455E-486E-AE6D-E4EE54D42C32}.Release|Any CPU.Build.0 = Release|Any CPU
		{00E33D53-D432-4B5C-B6EB-96F24B5E689E}.Debug|Any CPU.ActiveCfg = Debug|Any CPU
		{00E33D53-D432-4B5C-B6EB-96F24B5E689E}.Debug|Any CPU.Build.0 = Debug|Any CPU
		{00E33D53-D432-4B5C-B6EB-96F24B5E689E}.Release|Any CPU.ActiveCfg = Release|Any CPU
		{00E33D53-D432-4B5C-B6EB-96F24B5E689E}.Release|Any CPU.Build.0 = Release|Any CPU
		{32AC0A8E-D155-4906-AAE8-142B855249EB}.Debug|Any CPU.ActiveCfg = Debug|Any CPU
		{32AC0A8E-D155-4906-AAE8-142B855249EB}.Debug|Any CPU.Build.0 = Debug|Any CPU
		{32AC0A8E-D155-4906-AAE8-142B855249EB}.Release|Any CPU.ActiveCfg = Release|Any CPU
		{32AC0A8E-D155-4906-AAE8-142B855249EB}.Release|Any CPU.Build.0 = Release|Any CPU
		{D77BEE60-4E47-45C9-A214-4D26D0816FEB}.Debug|Any CPU.ActiveCfg = Debug|Any CPU
		{D77BEE60-4E47-45C9-A214-4D26D0816FEB}.Debug|Any CPU.Build.0 = Debug|Any CPU
		{D77BEE60-4E47-45C9-A214-4D26D0816FEB}.Release|Any CPU.ActiveCfg = Release|Any CPU
		{D77BEE60-4E47-45C9-A214-4D26D0816FEB}.Release|Any CPU.Build.0 = Release|Any CPU
		{61202AAD-95CA-4D61-A06E-1D3ACBF86FEA}.Debug|Any CPU.ActiveCfg = Debug|Any CPU
		{61202AAD-95CA-4D61-A06E-1D3ACBF86FEA}.Debug|Any CPU.Build.0 = Debug|Any CPU
		{61202AAD-95CA-4D61-A06E-1D3ACBF86FEA}.Release|Any CPU.ActiveCfg = Release|Any CPU
		{61202AAD-95CA-4D61-A06E-1D3ACBF86FEA}.Release|Any CPU.Build.0 = Release|Any CPU
		{C2EE5ED8-6D46-45BF-938D-AD845BC6B8DC}.Debug|Any CPU.ActiveCfg = Debug|Any CPU
		{C2EE5ED8-6D46-45BF-938D-AD845BC6B8DC}.Debug|Any CPU.Build.0 = Debug|Any CPU
		{C2EE5ED8-6D46-45BF-938D-AD845BC6B8DC}.Release|Any CPU.ActiveCfg = Release|Any CPU
		{C2EE5ED8-6D46-45BF-938D-AD845BC6B8DC}.Release|Any CPU.Build.0 = Release|Any CPU
		{B07B8E48-1108-4B12-B27D-9532F6279528}.Debug|Any CPU.ActiveCfg = Debug|Any CPU
		{B07B8E48-1108-4B12-B27D-9532F6279528}.Debug|Any CPU.Build.0 = Debug|Any CPU
		{B07B8E48-1108-4B12-B27D-9532F6279528}.Release|Any CPU.ActiveCfg = Release|Any CPU
		{B07B8E48-1108-4B12-B27D-9532F6279528}.Release|Any CPU.Build.0 = Release|Any CPU
		{05C12B0C-9D92-42C7-AFB6-B3225AE8C7FC}.Debug|Any CPU.ActiveCfg = Debug|Any CPU
		{05C12B0C-9D92-42C7-AFB6-B3225AE8C7FC}.Debug|Any CPU.Build.0 = Debug|Any CPU
		{05C12B0C-9D92-42C7-AFB6-B3225AE8C7FC}.Release|Any CPU.ActiveCfg = Release|Any CPU
		{05C12B0C-9D92-42C7-AFB6-B3225AE8C7FC}.Release|Any CPU.Build.0 = Release|Any CPU
	EndGlobalSection
	GlobalSection(SolutionProperties) = preSolution
		HideSolutionNode = FALSE
	EndGlobalSection
	GlobalSection(NestedProjects) = preSolution
		{54EC0486-E364-465C-A2F9-440AC4816163} = {284C0E2E-5A70-40B3-851C-A17AF41641CF}
		{6F9CA0B0-455E-486E-AE6D-E4EE54D42C32} = {284C0E2E-5A70-40B3-851C-A17AF41641CF}
		{00E33D53-D432-4B5C-B6EB-96F24B5E689E} = {284C0E2E-5A70-40B3-851C-A17AF41641CF}
		{32AC0A8E-D155-4906-AAE8-142B855249EB} = {5FA8A706-2C2D-41FC-8CCB-2540A34795E3}
		{D77BEE60-4E47-45C9-A214-4D26D0816FEB} = {5FA8A706-2C2D-41FC-8CCB-2540A34795E3}
		{61202AAD-95CA-4D61-A06E-1D3ACBF86FEA} = {5FA8A706-2C2D-41FC-8CCB-2540A34795E3}
		{C2EE5ED8-6D46-45BF-938D-AD845BC6B8DC} = {46B15B26-791F-4FD4-A985-140CFC39B91C}
		{B07B8E48-1108-4B12-B27D-9532F6279528} = {46B15B26-791F-4FD4-A985-140CFC39B91C}
		{05C12B0C-9D92-42C7-AFB6-B3225AE8C7FC} = {46B15B26-791F-4FD4-A985-140CFC39B91C}
	EndGlobalSection
	GlobalSection(ExtensibilityGlobals) = postSolution
		SolutionGuid = {071E375D-3B19-4737-819B-AAFDA410EFAE}
	EndGlobalSection
EndGlobal
